
Microsoft Visual Studio Solution File, Format Version 12.00
# Visual Studio Version 16
VisualStudioVersion = 16.0.30804.86
MinimumVisualStudioVersion = 10.0.40219.1
Project("{FAE04EC0-301F-11D3-BF4B-00C04F79EFBC}") = "PFRename", "PFRename\PFRename.csproj", "{03599F43-E4D5-455A-8190-DB313C6B2120}"
EndProject
Global
	GlobalSection(SolutionConfigurationPlatforms) = preSolution
		Debug|Any CPU = Debug|Any CPU
		Release|Any CPU = Release|Any CPU
	EndGlobalSection
	GlobalSection(ProjectConfigurationPlatforms) = postSolution
		{03599F43-E4D5-455A-8190-DB313C6B2120}.Debug|Any CPU.ActiveCfg = Debug|Any CPU
		{03599F43-E4D5-455A-8190-DB313C6B2120}.Debug|Any CPU.Build.0 = Debug|Any CPU
		{03599F43-E4D5-455A-8190-DB313C6B2120}.Release|Any CPU.ActiveCfg = Release|Any CPU
		{03599F43-E4D5-455A-8190-DB313C6B2120}.Release|Any CPU.Build.0 = Release|Any CPU
	EndGlobalSection
	GlobalSection(SolutionProperties) = preSolution
		HideSolutionNode = FALSE
	EndGlobalSection
	GlobalSection(ExtensibilityGlobals) = postSolution
		SolutionGuid = {99E9BCD4-2EB5-4030-8997-A83ED42B43B8}
	EndGlobalSection
EndGlobal
